
Microsoft Visual Studio Solution File, Format Version 12.00
# Visual Studio 2012
Project("{FAE04EC0-301F-11D3-BF4B-00C04F79EFBC}") = "week2_DH", "WindowsApplication1\week2_DH.csproj", "{19F67B15-1E12-4787-93E9-0CD7DC04DFA9}"
EndProject
Global
	GlobalSection(SolutionConfigurationPlatforms) = preSolution
		Debug|Any CPU = Debug|Any CPU
		Release|Any CPU = Release|Any CPU
	EndGlobalSection
	GlobalSection(ProjectConfigurationPlatforms) = postSolution
		{19F67B15-1E12-4787-93E9-0CD7DC04DFA9}.Debug|Any CPU.ActiveCfg = Debug|Any CPU
		{19F67B15-1E12-4787-93E9-0CD7DC04DFA9}.Debug|Any CPU.Build.0 = Debug|Any CPU
		{19F67B15-1E12-4787-93E9-0CD7DC04DFA9}.Release|Any CPU.ActiveCfg = Release|Any CPU
		{19F67B15-1E12-4787-93E9-0CD7DC04DFA9}.Release|Any CPU.Build.0 = Release|Any CPU
	EndGlobalSection
	GlobalSection(SolutionProperties) = preSolution
		HideSolutionNode = FALSE
	EndGlobalSection
EndGlobal
